---
lockfileVersion: 1
lockfileVendor: redhat
arches:
- arch: x86_64
  packages:
  - url: https://cdn-ubi.redhat.com/content/public/ubi/dist/ubi9/9/x86_64/appstream/os/Packages/c/containers-common-1-135.el9_7.x86_64.rpm
    repoid: ubi-9-appstream-rpms
    size: 156920
    checksum: sha256:16cb92580716383f26c806fe8e01cad9ec3c370d941f95afaa2657003e1d18df
    name: containers-common
    evr: 4:1-135.el9_7
    sourcerpm: containers-common-1-135.el9_7.src.rpm
  - url: https://cdn-ubi.redhat.com/content/public/ubi/dist/ubi9/9/x86_64/appstream/os/Packages/c/criu-3.19-3.el9.x86_64.rpm
    repoid: ubi-9-appstream-rpms
    size: 569988
    checksum: sha256:991367e0ca6f3b1672f98ffccc32d43c2b959bf8b82562b79e9f9ff5be23642b
    name: criu
    evr: 3.19-3.el9
    sourcerpm: criu-3.19-3.el9.src.rpm
  - url: https://cdn-ubi.redhat.com/content/public/ubi/dist/ubi9/9/x86_64/appstream/os/Packages/c/criu-libs-3.19-3.el9.x86_64.rpm
    repoid: ubi-9-appstream-rpms
    size: 31913
    checksum: sha256:37144e6c13da6a622fb1f15d0ff3a36fc359477db916a157fefb5d1934881614
    name: criu-libs
    evr: 3.19-3.el9
    sourcerpm: criu-3.19-3.el9.src.rpm
  - url: https://cdn-ubi.redhat.com/content/public/ubi/dist/ubi9/9/x86_64/appstream/os/Packages/c/crun-1.26-1.el9_7.x86_64.rpm
    repoid: ubi-9-appstream-rpms
    size: 265054
    checksum: sha256:ff2ab3dc93536b676ffc3dce8113a037a1cc30d9b92cd3a3802339fd3aa100f4
    name: crun
    evr: 1.26-1.el9_7
    sourcerpm: crun-1.26-1.el9_7.src.rpm
  - url: https://cdn-ubi.redhat.com/content/public/ubi/dist/ubi9/9/x86_64/appstream/os/Packages/f/fuse-overlayfs-1.16-1.el9_7.x86_64.rpm
    repoid: ubi-9-appstream-rpms
    size: 67299
    checksum: sha256:e5069c6983d99bbd995748e9cd50712b8daaef07750d270c65246278b71fc37a
    name: fuse-overlayfs
    evr: 1.16-1.el9_7
    sourcerpm: fuse-overlayfs-1.16-1.el9_7.src.rpm
  - url: https://cdn-ubi.redhat.com/content/public/ubi/dist/ubi9/9/x86_64/appstream/os/Packages/f/fuse3-3.10.2-9.el9.x86_64.rpm
    repoid: ubi-9-appstream-rpms
    size: 58706
    checksum: sha256:4674b4ee6150c8f8be01a028a471c209a6be7c0cf78e9450cf28fb01eaed9ea2
    name: fuse3
    evr: 3.10.2-9.el9
    sourcerpm: fuse3-3.10.2-9.el9.src.rpm
  - url: https://cdn-ubi.redhat.com/content/public/ubi/dist/ubi9/9/x86_64/appstream/os/Packages/f/fuse3-libs-3.10.2-9.el9.x86_64.rpm
    repoid: ubi-9-appstream-rpms
    size: 95573
    checksum: sha256:945e1d95edbce9c7dba52e9317d4564381efa5a1ba48d4bd49a58c85e47cd717
    name: fuse3-libs
    evr: 3.10.2-9.el9
    sourcerpm: fuse3-3.10.2-9.el9.src.rpm
  - url: https://cdn-ubi.redhat.com/content/public/ubi/dist/ubi9/9/x86_64/appstream/os/Packages/l/libnet-1.2-7.el9.x86_64.rpm
    repoid: ubi-9-appstream-rpms
    size: 61278
    checksum: sha256:738b9a7ab78c149487e349d90c384b59031d5763ba687a6b58a4f853671af86b
    name: libnet
    evr: 1.2-7.el9
    sourcerpm: libnet-1.2-7.el9.src.rpm
  - url: https://cdn-ubi.redhat.com/content/public/ubi/dist/ubi9/9/x86_64/appstream/os/Packages/l/libslirp-4.4.0-8.el9.x86_64.rpm
    repoid: ubi-9-appstream-rpms
    size: 71992
    checksum: sha256:9bd269ec50504f997683e963481f870bb937c3cfdb54a057e9acca67bf2b7631
    name: libslirp
    evr: 4.4.0-8.el9
    sourcerpm: libslirp-4.4.0-8.el9.src.rpm
  - url: https://cdn-ubi.redhat.com/content/public/ubi/dist/ubi9/9/x86_64/appstream/os/Packages/n/nginx-1.20.1-24.el9_7.1.x86_64.rpm
    repoid: ubi-9-appstream-rpms
    size: 44293
    checksum: sha256:868d3ca57c75973d7c2b74a4597a32cfcfec4b12414146113646beb8949bb655
    name: nginx
    evr: 2:1.20.1-24.el9_7.1
    sourcerpm: nginx-1.20.1-24.el9_7.1.src.rpm
  - url: https://cdn-ubi.redhat.com/content/public/ubi/dist/ubi9/9/x86_64/appstream/os/Packages/n/nginx-core-1.20.1-24.el9_7.1.x86_64.rpm
    repoid: ubi-9-appstream-rpms
    size: 590904
    checksum: sha256:afddb3207372a0db589e2288b7ad9d6e708c10ebfb26672331b80577eed4fb81
    name: nginx-core
    evr: 2:1.20.1-24.el9_7.1
    sourcerpm: nginx-1.20.1-24.el9_7.1.src.rpm
  - url: https://cdn-ubi.redhat.com/content/public/ubi/dist/ubi9/9/x86_64/appstream/os/Packages/n/nginx-filesystem-1.20.1-24.el9_7.1.noarch.rpm
    repoid: ubi-9-appstream-rpms
    size: 15969
    checksum: sha256:493e23b2cc548c8c062f65b5476e8a713156c639e5de3e112cbb3605772cc8c4
    name: nginx-filesystem
    evr: 2:1.20.1-24.el9_7.1
    sourcerpm: nginx-1.20.1-24.el9_7.1.src.rpm
  - url: https://cdn-ubi.redhat.com/content/public/ubi/dist/ubi9/9/x86_64/appstream/os/Packages/n/nodejs-16.20.2-8.el9_4.x86_64.rpm
    repoid: ubi-9-appstream-rpms
    size: 119244
    checksum: sha256:d5b23abda3f4ed68d4986fdbca82a15a63a179dc2ca4cb772e08e3d9ac3ae43f
    name: nodejs
    evr: 1:16.20.2-8.el9_4
    sourcerpm: nodejs-16.20.2-8.el9_4.src.rpm
  - url: https://cdn-ubi.redhat.com/content/public/ubi/dist/ubi9/9/x86_64/appstream/os/Packages/n/nodejs-docs-16.20.2-8.el9_4.noarch.rpm
    repoid: ubi-9-appstream-rpms
    size: 7560202
    checksum: sha256:6dc10d979e48243cfee61e4ce95ec7a1e90bbf5ff5e7ac00af065d1f68e43270
    name: nodejs-docs
    evr: 1:16.20.2-8.el9_4
    sourcerpm: nodejs-16.20.2-8.el9_4.src.rpm
  - url: https://cdn-ubi.redhat.com/content/public/ubi/dist/ubi9/9/x86_64/appstream/os/Packages/n/nodejs-full-i18n-16.20.2-8.el9_4.x86_64.rpm
    repoid: ubi-9-appstream-rpms
    size: 8614352
    checksum: sha256:ced787ff387945af3c1e6c96905120e4a9fb939feca6d6b9a017ad14a6908ccb
    name: nodejs-full-i18n
    evr: 1:16.20.2-8.el9_4
    sourcerpm: nodejs-16.20.2-8.el9_4.src.rpm
  - url: https://cdn-ubi.redhat.com/content/public/ubi/dist/ubi9/9/x86_64/appstream/os/Packages/n/nodejs-libs-16.20.2-8.el9_4.x86_64.rpm
    repoid: ubi-9-appstream-rpms
    size: 15208495
    checksum: sha256:68d15f8a48676fbf9f4c891da8b651eaeb133e1eb7a776eaec8f5db2a5e83cec
    name: nodejs-libs
    evr: 1:16.20.2-8.el9_4
    sourcerpm: nodejs-16.20.2-8.el9_4.src.rpm
  - url: https://cdn-ubi.redhat.com/content/public/ubi/dist/ubi9/9/x86_64/appstream/os/Packages/n/npm-8.19.4-1.16.20.2.8.el9_4.x86_64.rpm
    repoid: ubi-9-appstream-rpms
    size: 2282763
    checksum: sha256:f09f99be52843be351dda149a819bbcb10218b4460e0f89554b7a44532498e64
    name: npm
    evr: 1:8.19.4-1.16.20.2.8.el9_4
    sourcerpm: nodejs-16.20.2-8.el9_4.src.rpm
  - url: https://cdn-ubi.redhat.com/content/public/ubi/dist/ubi9/9/x86_64/appstream/os/Packages/r/redhat-logos-httpd-90.5-1.el9_6.1.noarch.rpm
    repoid: ubi-9-appstream-rpms
    size: 16643
    checksum: sha256:a3b0e027da9390f7c047cdbd6eea0ce2de11781ec2b4e6e951d74fb15af93ff4
    name: redhat-logos-httpd
    evr: 90.5-1.el9_6.1
    sourcerpm: redhat-logos-90.5-1.el9_6.1.src.rpm
  - url: https://cdn-ubi.redhat.com/content/public/ubi/dist/ubi9/9/x86_64/appstream/os/Packages/s/skopeo-1.20.0-3.el9_7.x86_64.rpm
    repoid: ubi-9-appstream-rpms
    size: 8599922
    checksum: sha256:500206cfd14841e6fc29461d9847f069c4b2d298b06070854f71836254c22dd8
    name: skopeo
    evr: 2:1.20.0-3.el9_7
    sourcerpm: skopeo-1.20.0-3.el9_7.src.rpm
  - url: https://cdn-ubi.redhat.com/content/public/ubi/dist/ubi9/9/x86_64/appstream/os/Packages/s/slirp4netns-1.3.3-1.el9.x86_64.rpm
    repoid: ubi-9-appstream-rpms
    size: 48562
    checksum: sha256:ba91e6e0d70be19e5f9a44e0a8f6791c49b685b42a1ad2dc64ec50e4800c7d1a
    name: slirp4netns
    evr: 1.3.3-1.el9
    sourcerpm: slirp4netns-1.3.3-1.el9.src.rpm
  - url: https://cdn-ubi.redhat.com/content/public/ubi/dist/ubi9/9/x86_64/appstream/os/Packages/y/yajl-2.1.0-25.el9.x86_64.rpm
    repoid: ubi-9-appstream-rpms
    size: 42487
    checksum: sha256:f7503f34d5095303db5c57c70c5edb890dab7d0bba5920f3dcc44d7835449555
    name: yajl
    evr: 2.1.0-25.el9
    sourcerpm: yajl-2.1.0-25.el9.src.rpm
  - url: https://cdn-ubi.redhat.com/content/public/ubi/dist/ubi9/9/x86_64/baseos/os/Packages/f/fuse-common-3.10.2-9.el9.x86_64.rpm
    repoid: ubi-9-baseos-rpms
    size: 8750
    checksum: sha256:548265cbee787fa659bc79c07e15a12007f39eb70e905bf660ec488f0bb8820f
    name: fuse-common
    evr: 3.10.2-9.el9
    sourcerpm: fuse3-3.10.2-9.el9.src.rpm
  - url: https://cdn-ubi.redhat.com/content/public/ubi/dist/ubi9/9/x86_64/baseos/os/Packages/j/jq-1.6-19.el9.x86_64.rpm
    repoid: ubi-9-baseos-rpms
    size: 191662
    checksum: sha256:6b4d82714813d7b4a3200bf2856a3c1493d186e9caa916d7a700ec25e4996462
    name: jq
    evr: 1.6-19.el9
    sourcerpm: jq-1.6-19.el9.src.rpm
  - url: https://cdn-ubi.redhat.com/content/public/ubi/dist/ubi9/9/x86_64/baseos/os/Packages/k/kmod-28-11.el9.x86_64.rpm
    repoid: ubi-9-baseos-rpms
    size: 127775
    checksum: sha256:f85ac587f3c6abab55c30986b5f4af790c3fa2f2a413057db8e9250c79825b5d
    name: kmod
    evr: 28-11.el9
    sourcerpm: kmod-28-11.el9.src.rpm
  - url: https://cdn-ubi.redhat.com/content/public/ubi/dist/ubi9/9/x86_64/baseos/os/Packages/l/libbrotli-1.0.9-9.el9_7.x86_64.rpm
    repoid: ubi-9-baseos-rpms
    size: 326278
    checksum: sha256:81096e6aed022489306e2fe1d1496b2b689d8f0bf6c70a94b5bddb82356eeda1
    name: libbrotli
    evr: 1.0.9-9.el9_7
    sourcerpm: brotli-1.0.9-9.el9_7.src.rpm
  - url: https://cdn-ubi.redhat.com/content/public/ubi/dist/ubi9/9/x86_64/baseos/os/Packages/l/libnl3-3.11.0-1.el9.x86_64.rpm
    repoid: ubi-9-baseos-rpms
    size: 376137
    checksum: sha256:89728a253a5bf1c8e01c40573f1283d40188e003bdbd4ac565f8b0f05bced55c
    name: libnl3
    evr: 3.11.0-1.el9
    sourcerpm: libnl3-3.11.0-1.el9.src.rpm
  - url: https://cdn-ubi.redhat.com/content/public/ubi/dist/ubi9/9/x86_64/baseos/os/Packages/l/logrotate-3.18.0-12.el9.x86_64.rpm
    repoid: ubi-9-baseos-rpms
    size: 76162
    checksum: sha256:ffa6b348d400fd25151f9a8042ed33cbf9b0dd305ee532e80c5f342e30e6fdf6
    name: logrotate
    evr: 3.18.0-12.el9
    sourcerpm: logrotate-3.18.0-12.el9.src.rpm
  - url: https://cdn-ubi.redhat.com/content/public/ubi/dist/ubi9/9/x86_64/baseos/os/Packages/p/protobuf-c-1.3.3-13.el9.x86_64.rpm
    repoid: ubi-9-baseos-rpms
    size: 38224
    checksum: sha256:9669f5bed1c9532ede399cd1ea6f8937ae7d18cfb56d59f2939a4b456390035f
    name: protobuf-c
    evr: 1.3.3-13.el9
    sourcerpm: protobuf-c-1.3.3-13.el9.src.rpm
  - url: https://cdn-ubi.redhat.com/content/public/ubi/dist/ubi9/9/x86_64/baseos/os/Packages/s/shadow-utils-subid-4.9-15.el9.x86_64.rpm
    repoid: ubi-9-baseos-rpms
    size: 86604
    checksum: sha256:dd1fb90430220033adbd4c52c5c1d53323acc011245b73aafefbc9fa33f40a2b
    name: shadow-utils-subid
    evr: 2:4.9-15.el9
    sourcerpm: shadow-utils-4.9-15.el9.src.rpm
  - url: https://cdn.redhat.com/content/dist/rhel9/9/x86_64/baseos/os/Packages/o/oniguruma-6.9.6-1.el9.6.x86_64.rpm
    repoid: rhel-9-for-x86_64-baseos-rpms
    size: 226451
    checksum: sha256:a532fc644b41ead28ac07fb4217e2ceb9cdd5fdaadc13e9a02b7be3ee703bf85
    name: oniguruma
    evr: 6.9.6-1.el9.6
    sourcerpm: oniguruma-6.9.6-1.el9.6.src.rpm
  source:
  - url: https://cdn-ubi.redhat.com/content/public/ubi/dist/ubi9/9/x86_64/appstream/source/SRPMS/Packages/c/containers-common-1-135.el9_7.src.rpm
    repoid: ubi-9-appstream-source-rpms
    size: 168194
    checksum: sha256:876fd10e3ef2b0d4fe856e4434fa49b33cc7586c23bd8452a47e0eee34099b5a
    name: containers-common
    evr: 4:1-135.el9_7
  - url: https://cdn-ubi.redhat.com/content/public/ubi/dist/ubi9/9/x86_64/appstream/source/SRPMS/Packages/c/criu-3.19-3.el9.src.rpm
    repoid: ubi-9-appstream-source-rpms
    size: 1397598
    checksum: sha256:935cde45890eee106b48c5a17fcce9a359bbc33e5867c7433012a28fdc095e90
    name: criu
    evr: 3.19-3.el9
  - url: https://cdn-ubi.redhat.com/content/public/ubi/dist/ubi9/9/x86_64/appstream/source/SRPMS/Packages/c/crun-1.26-1.el9_7.src.rpm
    repoid: ubi-9-appstream-source-rpms
    size: 902955
    checksum: sha256:801bce95ac6159f0fae104bdf21024be72bd1fb00655081ec2ca30b240856da0
    name: crun
    evr: 1.26-1.el9_7
  - url: https://cdn-ubi.redhat.com/content/public/ubi/dist/ubi9/9/x86_64/appstream/source/SRPMS/Packages/f/fuse-overlayfs-1.16-1.el9_7.src.rpm
    repoid: ubi-9-appstream-source-rpms
    size: 127644
    checksum: sha256:8e2ae14c212d0dde5afe0381b609c9bdb9f97bae787ca05a16c3c2c33b54547c
    name: fuse-overlayfs
    evr: 1.16-1.el9_7
  - url: https://cdn-ubi.redhat.com/content/public/ubi/dist/ubi9/9/x86_64/appstream/source/SRPMS/Packages/l/libnet-1.2-7.el9.src.rpm
    repoid: ubi-9-appstream-source-rpms
    size: 611553
    checksum: sha256:bc2724e7061c48e2038f4f47b433bebccedb4ffc227dc351baaf3d5a52f03b08
    name: libnet
    evr: 1.2-7.el9
  - url: https://cdn-ubi.redhat.com/content/public/ubi/dist/ubi9/9/x86_64/appstream/source/SRPMS/Packages/l/libslirp-4.4.0-8.el9.src.rpm
    repoid: ubi-9-appstream-source-rpms
    size: 128699
    checksum: sha256:5e740382ebf1511fc7c4fa0c1db0bc72fad624329ff9e359cea75cccbed503e4
    name: libslirp
    evr: 4.4.0-8.el9
  - url: https://cdn-ubi.redhat.com/content/public/ubi/dist/ubi9/9/x86_64/appstream/source/SRPMS/Packages/n/nginx-1.20.1-24.el9_7.1.src.rpm
    repoid: ubi-9-appstream-source-rpms
    size: 1126137
    checksum: sha256:5f09400c0783d37de6c980dc33bd4092c82b8bdeefd4f3fd31114b1e19f3ccff
    name: nginx
    evr: 2:1.20.1-24.el9_7.1
  - url: https://cdn-ubi.redhat.com/content/public/ubi/dist/ubi9/9/x86_64/appstream/source/SRPMS/Packages/n/nodejs-16.20.2-8.el9_4.src.rpm
    repoid: ubi-9-appstream-source-rpms
    size: 74210810
    checksum: sha256:e51f994585c05155fb3ede84681dd8b58731f69fac1b3269f10d18a3329219a7
    name: nodejs
    evr: 1:16.20.2-8.el9_4
  - url: https://cdn-ubi.redhat.com/content/public/ubi/dist/ubi9/9/x86_64/appstream/source/SRPMS/Packages/r/redhat-logos-90.5-1.el9_6.1.src.rpm
    repoid: ubi-9-appstream-source-rpms
    size: 5650778
    checksum: sha256:b8addde6d5971cede493123cc0863bbb4e9bc4304c8e4c5ad05be98ba1cc9d92
    name: redhat-logos
    evr: 90.5-1.el9_6.1
  - url: https://cdn-ubi.redhat.com/content/public/ubi/dist/ubi9/9/x86_64/appstream/source/SRPMS/Packages/s/skopeo-1.20.0-3.el9_7.src.rpm
    repoid: ubi-9-appstream-source-rpms
    size: 10341496
    checksum: sha256:5c7f223d71f33791b1b0a7c74e0aa7d3037fc64b2d5440a53cea8ba8d6e82639
    name: skopeo
    evr: 2:1.20.0-3.el9_7
  - url: https://cdn-ubi.redhat.com/content/public/ubi/dist/ubi9/9/x86_64/appstream/source/SRPMS/Packages/s/slirp4netns-1.3.3-1.el9.src.rpm
    repoid: ubi-9-appstream-source-rpms
    size: 76019
    checksum: sha256:fcf453e6ffb0f7892fb087d8052f9ceebab6dfbc3797ad6b98c8eee9814e009d
    name: slirp4netns
    evr: 1.3.3-1.el9
  - url: https://cdn-ubi.redhat.com/content/public/ubi/dist/ubi9/9/x86_64/appstream/source/SRPMS/Packages/y/yajl-2.1.0-25.el9.src.rpm
    repoid: ubi-9-appstream-source-rpms
    size: 101373
    checksum: sha256:08182ae11608d0ad5d9ef01c558a39489f331fe449f9be6df1a91c5e950163f9
    name: yajl
    evr: 2.1.0-25.el9
  - url: https://cdn-ubi.redhat.com/content/public/ubi/dist/ubi9/9/x86_64/baseos/source/SRPMS/Packages/b/brotli-1.0.9-9.el9_7.src.rpm
    repoid: ubi-9-baseos-source-rpms
    size: 517498
    checksum: sha256:814868e0bec831c79d3e12ff76d31e06e5e62c462a1a4b6607b1f3cab7014438
    name: brotli
    evr: 1.0.9-9.el9_7
  - url: https://cdn-ubi.redhat.com/content/public/ubi/dist/ubi9/9/x86_64/baseos/source/SRPMS/Packages/f/fuse3-3.10.2-9.el9.src.rpm
    repoid: ubi-9-baseos-source-rpms
    size: 799367
    checksum: sha256:ddfcd07bcdcc07bdabe0f05b2c5c3bb1d6582af9c6b127632dd74f8ca78d56c9
    name: fuse3
    evr: 3.10.2-9.el9
  - url: https://cdn-ubi.redhat.com/content/public/ubi/dist/ubi9/9/x86_64/baseos/source/SRPMS/Packages/j/jq-1.6-19.el9.src.rpm
    repoid: ubi-9-baseos-source-rpms
    size: 1505339
    checksum: sha256:a36173a7f5461f8cc1b6aa9e62f3e0435d6fde658a8795c909fd62cb5bfc9565
    name: jq
    evr: 1.6-19.el9
  - url: https://cdn-ubi.redhat.com/content/public/ubi/dist/ubi9/9/x86_64/baseos/source/SRPMS/Packages/k/kmod-28-11.el9.src.rpm
    repoid: ubi-9-baseos-source-rpms
    size: 579198
    checksum: sha256:4f6fefbf0d004b23494fe18ccfff2b9151ea887a276c56a6f25ea597a250991c
    name: kmod
    evr: 28-11.el9
  - url: https://cdn-ubi.redhat.com/content/public/ubi/dist/ubi9/9/x86_64/baseos/source/SRPMS/Packages/l/libnl3-3.11.0-1.el9.src.rpm
    repoid: ubi-9-baseos-source-rpms
    size: 5068824
    checksum: sha256:13f6ea90f26fbc96e3754584a576c03ca41221fc939164f5a7b6341a6372fd7a
    name: libnl3
    evr: 3.11.0-1.el9
  - url: https://cdn-ubi.redhat.com/content/public/ubi/dist/ubi9/9/x86_64/baseos/source/SRPMS/Packages/l/logrotate-3.18.0-12.el9.src.rpm
    repoid: ubi-9-baseos-source-rpms
    size: 205633
    checksum: sha256:c6c769ca9371b56f7773c3658f103105f2f81c094e2c205cd1b6943c5bdc23c3
    name: logrotate
    evr: 3.18.0-12.el9
  - url: https://cdn-ubi.redhat.com/content/public/ubi/dist/ubi9/9/x86_64/baseos/source/SRPMS/Packages/p/protobuf-c-1.3.3-13.el9.src.rpm
    repoid: ubi-9-baseos-source-rpms
    size: 513224
    checksum: sha256:d4d82978c58a2f9ca8e24b953fd9ac74efee41572ec9649c4f2f183cda98b33f
    name: protobuf-c
    evr: 1.3.3-13.el9
  - url: https://cdn-ubi.redhat.com/content/public/ubi/dist/ubi9/9/x86_64/baseos/source/SRPMS/Packages/s/shadow-utils-4.9-15.el9.src.rpm
    repoid: ubi-9-baseos-source-rpms
    size: 1712227
    checksum: sha256:c6feefc65a20ec4203979e0cde4d4a6d86981ac7c836e55148273bd9fc2b57b2
    name: shadow-utils
    evr: 2:4.9-15.el9
  - url: https://cdn.redhat.com/content/dist/rhel9/9/x86_64/baseos/source/SRPMS/Packages/o/oniguruma-6.9.6-1.el9.6.src.rpm
    repoid: rhel-9-for-x86_64-baseos-source-rpms
    size: 935874
    checksum: sha256:9c864465c92115ad613c822f457af3f1f9d6e545321746cceb8b4c0f461a2fc4
    name: oniguruma
    evr: 6.9.6-1.el9.6
  module_metadata: []
